
Microsoft Visual Studio Solution File, Format Version 12.00
# Visual Studio Version 17
VisualStudioVersion = 17.14.36705.20
MinimumVisualStudioVersion = 10.0.40219.1
Project("{2150E333-8FDC-42A3-9474-1A3956D46DE8}") = "src", "src", "{02EA681E-C7D8-13C7-8484-4AC65E1B71E8}"
EndProject
Project("{2150E333-8FDC-42A3-9474-1A3956D46DE8}") = "tests", "tests", "{C66B18AA-1255-4A5C-9DD3-4847672562A4}"
EndProject
Project("{FAE04EC0-301F-11D3-BF4B-00C04F79EFBC}") = "DesignPatterns.Creational", "DesignPatterns.Creational\DesignPatterns.Creational.csproj", "{425D2F49-3348-4B85-BE90-05E9C9C25245}"
EndProject
Project("{FAE04EC0-301F-11D3-BF4B-00C04F79EFBC}") = "DesignPatterns.Structural", "DesignPatterns.Structural\DesignPatterns.Structural.csproj", "{838D29C7-EE0C-4AEE-BC15-FB14D3072801}"
EndProject
Project("{FAE04EC0-301F-11D3-BF4B-00C04F79EFBC}") = "DesignPatterns.Behavioural", "DesignPatterns.Behavioural\DesignPatterns.Behavioural.csproj", "{C2CDC23E-CDCC-4E35-B398-45C168601F37}"
EndProject
Project("{FAE04EC0-301F-11D3-BF4B-00C04F79EFBC}") = "DesignPatterns.Tests", "DesignPatterns.Tests\DesignPatterns.Tests.csproj", "{5A5D1155-62E4-4C19-89B7-44DC22BC13CB}"
EndProject
Project("{2150E333-8FDC-42A3-9474-1A3956D46DE8}") = "Solution Items", "Solution Items", "{8EC462FD-D22E-90A8-E5CE-7E832BA40C5D}"
	ProjectSection(SolutionItems) = preProject
		.gitignore = .gitignore
		README.md = README.md
	EndProjectSection
EndProject
Project("{FAE04EC0-301F-11D3-BF4B-00C04F79EFBC}") = "DesignPattern.Demo", "DesignPattern.Demo\DesignPattern.Demo.csproj", "{15957E3A-3CAD-4672-BC98-9AE34533A355}"
EndProject
Project("{2150E333-8FDC-42A3-9474-1A3956D46DE8}") = "demo", "demo", "{C1CC91B8-93D9-484E-8088-792D1335D7DF}"
EndProject
Global
	GlobalSection(SolutionConfigurationPlatforms) = preSolution
		Debug|Any CPU = Debug|Any CPU
		Release|Any CPU = Release|Any CPU
	EndGlobalSection
	GlobalSection(ProjectConfigurationPlatforms) = postSolution
		{425D2F49-3348-4B85-BE90-05E9C9C25245}.Debug|Any CPU.ActiveCfg = Debug|Any CPU
		{425D2F49-3348-4B85-BE90-05E9C9C25245}.Debug|Any CPU.Build.0 = Debug|Any CPU
		{425D2F49-3348-4B85-BE90-05E9C9C25245}.Release|Any CPU.ActiveCfg = Release|Any CPU
		{425D2F49-3348-4B85-BE90-05E9C9C25245}.Release|Any CPU.Build.0 = Release|Any CPU
		{838D29C7-EE0C-4AEE-BC15-FB14D3072801}.Debug|Any CPU.ActiveCfg = Debug|Any CPU
		{838D29C7-EE0C-4AEE-BC15-FB14D3072801}.Debug|Any CPU.Build.0 = Debug|Any CPU
		{838D29C7-EE0C-4AEE-BC15-FB14D3072801}.Release|Any CPU.ActiveCfg = Release|Any CPU
		{838D29C7-EE0C-4AEE-BC15-FB14D3072801}.Release|Any CPU.Build.0 = Release|Any CPU
		{C2CDC23E-CDCC-4E35-B398-45C168601F37}.Debug|Any CPU.ActiveCfg = Debug|Any CPU
		{C2CDC23E-CDCC-4E35-B398-45C168601F37}.Debug|Any CPU.Build.0 = Debug|Any CPU
		{C2CDC23E-CDCC-4E35-B398-45C168601F37}.Release|Any CPU.ActiveCfg = Release|Any CPU
		{C2CDC23E-CDCC-4E35-B398-45C168601F37}.Release|Any CPU.Build.0 = Release|Any CPU
		{5A5D1155-62E4-4C19-89B7-44DC22BC13CB}.Debug|Any CPU.ActiveCfg = Debug|Any CPU
		{5A5D1155-62E4-4C19-89B7-44DC22BC13CB}.Debug|Any CPU.Build.0 = Debug|Any CPU
		{5A5D1155-62E4-4C19-89B7-44DC22BC13CB}.Release|Any CPU.ActiveCfg = Release|Any CPU
		{5A5D1155-62E4-4C19-89B7-44DC22BC13CB}.Release|Any CPU.Build.0 = Release|Any CPU
		{15957E3A-3CAD-4672-BC98-9AE34533A355}.Debug|Any CPU.ActiveCfg = Debug|Any CPU
		{15957E3A-3CAD-4672-BC98-9AE34533A355}.Debug|Any CPU.Build.0 = Debug|Any CPU
		{15957E3A-3CAD-4672-BC98-9AE34533A355}.Release|Any CPU.ActiveCfg = Release|Any CPU
		{15957E3A-3CAD-4672-BC98-9AE34533A355}.Release|Any CPU.Build.0 = Release|Any CPU
	EndGlobalSection
	GlobalSection(SolutionProperties) = preSolution
		HideSolutionNode = FALSE
	EndGlobalSection
	GlobalSection(NestedProjects) = preSolution
		{425D2F49-3348-4B85-BE90-05E9C9C25245} = {02EA681E-C7D8-13C7-8484-4AC65E1B71E8}
		{838D29C7-EE0C-4AEE-BC15-FB14D3072801} = {02EA681E-C7D8-13C7-8484-4AC65E1B71E8}
		{C2CDC23E-CDCC-4E35-B398-45C168601F37} = {02EA681E-C7D8-13C7-8484-4AC65E1B71E8}
		{5A5D1155-62E4-4C19-89B7-44DC22BC13CB} = {C66B18AA-1255-4A5C-9DD3-4847672562A4}
		{15957E3A-3CAD-4672-BC98-9AE34533A355} = {C1CC91B8-93D9-484E-8088-792D1335D7DF}
	EndGlobalSection
	GlobalSection(ExtensibilityGlobals) = postSolution
		SolutionGuid = {75D990D0-8EB9-4C43-BA00-367F6D55F8E0}
	EndGlobalSection
EndGlobal
